Microsoft Visual Studio Solution File, Format Version 12.00
# Visual Studio Version 17
VisualStudioVersion = 17.5.2.0
MinimumVisualStudioVersion = 10.0.40219.1
Project("{FAE04EC0-301F-11D3-BF4B-00C04F79EFBC}") = "PtsApi", "PtsApi.csproj", "{A92B32B7-BF1D-8A66-BA6E-28C056534BCD}"
EndProject
Global
	GlobalSection(SolutionConfigurationPlatforms) = preSolution
		Debug|Any CPU = Debug|Any CPU
		Release|Any CPU = Release|Any CPU
	EndGlobalSection
	GlobalSection(ProjectConfigurationPlatforms) = postSolution
		{A92B32B7-BF1D-8A66-BA6E-28C056534BCD}.Debug|Any CPU.ActiveCfg = Debug|Any CPU
		{A92B32B7-BF1D-8A66-BA6E-28C056534BCD}.Debug|Any CPU.Build.0 = Debug|Any CPU
		{A92B32B7-BF1D-8A66-BA6E-28C056534BCD}.Release|Any CPU.ActiveCfg = Release|Any CPU
		{A92B32B7-BF1D-8A66-BA6E-28C056534BCD}.Release|Any CPU.Build.0 = Release|Any CPU
	EndGlobalSection
	GlobalSection(SolutionProperties) = preSolution
		HideSolutionNode = FALSE
	EndGlobalSection
	GlobalSection(ExtensibilityGlobals) = postSolution
		SolutionGuid = {78C68B60-C865-4A0C-A071-36AD599B2A5F}
	EndGlobalSection
EndGlobal
